{
	"name": "kiro-titans-proyecto",
	"lockfileVersion": 3,
	"requires": true,
	"packages": {
		"": {
			"dependencies": {
				"@seguros-bolivar/ui-bundle": "^1.0.9"
			}
		},
		"node_modules/@seguros-bolivar/ui-bundle": {
			"version": "1.0.9",
			"resolved": "https://segurosbolivar.jfrog.io/artifactory/api/npm/seguros-bolivar-ui-lib-virtual/@seguros-bolivar/ui-bundle/-/@seguros-bolivar/ui-bundle-1.0.9.tgz",
			"integrity": "sha512-4+8K6xrTcs8clo0gzk8DcXa3qsWmgzx67SiC6wMrQsMsBHnNRMQYj7rmmZY93LdZHrn/kQe9vdh+Ikg7/Zyd7Q==",
			"license": "MIT"
		}
	}
}
